
Microsoft Visual Studio Solution File, Format Version 12.00
# Visual Studio Version 16
VisualStudioVersion = 16.0.31313.79
MinimumVisualStudioVersion = 10.0.40219.1
Project("{2150E333-8FDC-42A3-9474-1A3956D46DE8}") = "Presentation", "Presentation", "{763FF1DB-5C97-45F8-9B60-DD4451A63793}"
EndProject
Project("{9A19103F-16F7-4668-BE54-9A1E7A4F7556}") = "AniJurWeb.Server", "AniJurWeb\Server\AniJurWeb.Server.csproj", "{EDB2430C-EBCD-459C-96F5-5150E600B164}"
EndProject
Project("{9A19103F-16F7-4668-BE54-9A1E7A4F7556}") = "AniJurWeb.Client", "AniJurWeb\Client\AniJurWeb.Client.csproj", "{83DE60BA-51D2-4095-B06C-E3DD23EAEAA8}"
EndProject
Project("{9A19103F-16F7-4668-BE54-9A1E7A4F7556}") = "AniJurWeb.Shared", "AniJurWeb\Shared\AniJurWeb.Shared.csproj", "{A3BEB6CB-344D-4C34-BF0B-2D7491749521}"
EndProject
Project("{2150E333-8FDC-42A3-9474-1A3956D46DE8}") = "AniJurWeb", "AniJurWeb", "{76E03339-6104-4763-94BD-841B906A7941}"
EndProject
Project("{2150E333-8FDC-42A3-9474-1A3956D46DE8}") = "Microservices", "Microservices", "{69E8EFB3-A93E-45F7-8C6E-4A5F257CEBF0}"
EndProject
Project("{2150E333-8FDC-42A3-9474-1A3956D46DE8}") = "ClientMasterData", "ClientMasterData", "{316273C7-E6FF-4D2C-8C33-359AC043F14F}"
EndProject
Project("{2150E333-8FDC-42A3-9474-1A3956D46DE8}") = "Api", "Api", "{6E3BC97C-8160-47C0-BE27-EF094C25DC9F}"
EndProject
Project("{2150E333-8FDC-42A3-9474-1A3956D46DE8}") = "Application", "Application", "{6766E392-5A62-4358-BB66-97B11C248FAA}"
EndProject
Project("{2150E333-8FDC-42A3-9474-1A3956D46DE8}") = "Data", "Data", "{31B4F44E-5180-425A-A0A1-BC8EAAB3EB1B}"
EndProject
Project("{2150E333-8FDC-42A3-9474-1A3956D46DE8}") = "Domain", "Domain", "{4CD9F94B-32CF-413B-A102-0613F3B0D9B2}"
EndProject
Project("{2150E333-8FDC-42A3-9474-1A3956D46DE8}") = "Journal", "Journal", "{4FC45C90-4B93-44F5-948F-D30088FFB437}"
EndProject
Project("{2150E333-8FDC-42A3-9474-1A3956D46DE8}") = "Api", "Api", "{EE47B82B-0636-4B4F-9D0E-568B6CB2EC05}"
EndProject
Project("{2150E333-8FDC-42A3-9474-1A3956D46DE8}") = "Application", "Application", "{ADDA8DAC-B84C-486B-8852-6A9DC52FAB16}"
EndProject
Project("{2150E333-8FDC-42A3-9474-1A3956D46DE8}") = "Data", "Data", "{3202550A-711A-4154-85FC-C886FFA2945E}"
EndProject
Project("{2150E333-8FDC-42A3-9474-1A3956D46DE8}") = "Domain", "Domain", "{191EB80F-2E90-4B30-9CC8-48872E75FFDF}"
EndProject
Project("{2150E333-8FDC-42A3-9474-1A3956D46DE8}") = "Identity", "Identity", "{08C145C7-D736-44E3-8132-0AEBA0983D4A}"
EndProject
Project("{2150E333-8FDC-42A3-9474-1A3956D46DE8}") = "Api", "Api", "{0A08DCBD-60B8-4115-A5E4-3C99221103C7}"
EndProject
Project("{2150E333-8FDC-42A3-9474-1A3956D46DE8}") = "Application", "Application", "{01E25FB5-EE32-4E02-8484-D879FE36DA06}"
EndProject
Project("{2150E333-8FDC-42A3-9474-1A3956D46DE8}") = "Data", "Data", "{E0362EFE-09B9-448D-9329-B68A50E77894}"
EndProject
Project("{2150E333-8FDC-42A3-9474-1A3956D46DE8}") = "Domain", "Domain", "{BF96A58A-643A-44EE-90EC-76E539F8B232}"
EndProject
Project("{9A19103F-16F7-4668-BE54-9A1E7A4F7556}") = "AniJur.ClientMasterData.Api", "AniJur.ClientMasterData.Api\AniJur.ClientMasterData.Api.csproj", "{4707E4B4-4717-4DCF-8B95-EDE1EB7FA086}"
EndProject
Project("{9A19103F-16F7-4668-BE54-9A1E7A4F7556}") = "AniJur.ClientMasterData.Apllication", "AniJur.ClientMasterData.Apllication\AniJur.ClientMasterData.Apllication.csproj", "{032CF69B-CF9A-4BB1-9200-3925EC92E952}"
EndProject
Project("{9A19103F-16F7-4668-BE54-9A1E7A4F7556}") = "AniJur.ClientMasterData.Data", "AniJur.ClientMasterData.Data\AniJur.ClientMasterData.Data.csproj", "{EAACFCD9-2456-4D41-A305-1B6E82B37879}"
EndProject
Project("{9A19103F-16F7-4668-BE54-9A1E7A4F7556}") = "AniJur.ClientMasterData.Domain", "AniJur.ClientMasterData.Domain\AniJur.ClientMasterData.Domain.csproj", "{8CF58246-0F46-4D42-8467-E6E9DA5B13BF}"
EndProject
Project("{2150E333-8FDC-42A3-9474-1A3956D46DE8}") = "Infra.Bus", "Infra.Bus", "{D1A9527A-E628-476E-92A5-08D3A968E70B}"
EndProject
Project("{9A19103F-16F7-4668-BE54-9A1E7A4F7556}") = "AniJur.Infra.Bus", "AniJur.Infra.Bus\AniJur.Infra.Bus.csproj", "{79D4EC1C-F6ED-474C-A9B0-15D03E0C38EE}"
EndProject
Project("{2150E333-8FDC-42A3-9474-1A3956D46DE8}") = "Domain", "Domain", "{710B5E20-61FE-41C5-BA01-F8ED92C915C3}"
EndProject
Project("{9A19103F-16F7-4668-BE54-9A1E7A4F7556}") = "AniJur.Domain.Core", "AniJur.Domain.Core\AniJur.Domain.Core.csproj", "{924CE9C8-FF4B-4E92-BCF6-790B81447DC0}"
EndProject
Project("{2150E333-8FDC-42A3-9474-1A3956D46DE8}") = "Infra.IoC", "Infra.IoC", "{4B9341BC-325A-4797-9BE3-1F7D4D79614C}"
EndProject
Project("{FAE04EC0-301F-11D3-BF4B-00C04F79EFBC}") = "AniJur.IoC", "AniJur.IoC\AniJur.IoC.csproj", "{0A1584FF-22FD-4CAB-9665-BC73972D80AF}"
EndProject
Project("{FAE04EC0-301F-11D3-BF4B-00C04F79EFBC}") = "AniJur.Journal.Api", "AniJur.Journal.Api\AniJur.Journal.Api.csproj", "{99A2CDBA-AD06-42CA-A05E-515930017C5C}"
EndProject
Global
	GlobalSection(SolutionConfigurationPlatforms) = preSolution
		Debug|Any CPU = Debug|Any CPU
		Release|Any CPU = Release|Any CPU
	EndGlobalSection
	GlobalSection(ProjectConfigurationPlatforms) = postSolution
		{EDB2430C-EBCD-459C-96F5-5150E600B164}.Debug|Any CPU.ActiveCfg = Debug|Any CPU
		{EDB2430C-EBCD-459C-96F5-5150E600B164}.Debug|Any CPU.Build.0 = Debug|Any CPU
		{EDB2430C-EBCD-459C-96F5-5150E600B164}.Release|Any CPU.ActiveCfg = Release|Any CPU
		{EDB2430C-EBCD-459C-96F5-5150E600B164}.Release|Any CPU.Build.0 = Release|Any CPU
		{83DE60BA-51D2-4095-B06C-E3DD23EAEAA8}.Debug|Any CPU.ActiveCfg = Debug|Any CPU
		{83DE60BA-51D2-4095-B06C-E3DD23EAEAA8}.Debug|Any CPU.Build.0 = Debug|Any CPU
		{83DE60BA-51D2-4095-B06C-E3DD23EAEAA8}.Release|Any CPU.ActiveCfg = Release|Any CPU
		{83DE60BA-51D2-4095-B06C-E3DD23EAEAA8}.Release|Any CPU.Build.0 = Release|Any CPU
		{A3BEB6CB-344D-4C34-BF0B-2D7491749521}.Debug|Any CPU.ActiveCfg = Debug|Any CPU
		{A3BEB6CB-344D-4C34-BF0B-2D7491749521}.Debug|Any CPU.Build.0 = Debug|Any CPU
		{A3BEB6CB-344D-4C34-BF0B-2D7491749521}.Release|Any CPU.ActiveCfg = Release|Any CPU
		{A3BEB6CB-344D-4C34-BF0B-2D7491749521}.Release|Any CPU.Build.0 = Release|Any CPU
		{4707E4B4-4717-4DCF-8B95-EDE1EB7FA086}.Debug|Any CPU.ActiveCfg = Debug|Any CPU
		{4707E4B4-4717-4DCF-8B95-EDE1EB7FA086}.Debug|Any CPU.Build.0 = Debug|Any CPU
		{4707E4B4-4717-4DCF-8B95-EDE1EB7FA086}.Release|Any CPU.ActiveCfg = Release|Any CPU
		{4707E4B4-4717-4DCF-8B95-EDE1EB7FA086}.Release|Any CPU.Build.0 = Release|Any CPU
		{032CF69B-CF9A-4BB1-9200-3925EC92E952}.Debug|Any CPU.ActiveCfg = Debug|Any CPU
		{032CF69B-CF9A-4BB1-9200-3925EC92E952}.Debug|Any CPU.Build.0 = Debug|Any CPU
		{032CF69B-CF9A-4BB1-9200-3925EC92E952}.Release|Any CPU.ActiveCfg = Release|Any CPU
		{032CF69B-CF9A-4BB1-9200-3925EC92E952}.Release|Any CPU.Build.0 = Release|Any CPU
		{EAACFCD9-2456-4D41-A305-1B6E82B37879}.Debug|Any CPU.ActiveCfg = Debug|Any CPU
		{EAACFCD9-2456-4D41-A305-1B6E82B37879}.Debug|Any CPU.Build.0 = Debug|Any CPU
		{EAACFCD9-2456-4D41-A305-1B6E82B37879}.Release|Any CPU.ActiveCfg = Release|Any CPU
		{EAACFCD9-2456-4D41-A305-1B6E82B37879}.Release|Any CPU.Build.0 = Release|Any CPU
		{8CF58246-0F46-4D42-8467-E6E9DA5B13BF}.Debug|Any CPU.ActiveCfg = Debug|Any CPU
		{8CF58246-0F46-4D42-8467-E6E9DA5B13BF}.Debug|Any CPU.Build.0 = Debug|Any CPU
		{8CF58246-0F46-4D42-8467-E6E9DA5B13BF}.Release|Any CPU.ActiveCfg = Release|Any CPU
		{8CF58246-0F46-4D42-8467-E6E9DA5B13BF}.Release|Any CPU.Build.0 = Release|Any CPU
		{79D4EC1C-F6ED-474C-A9B0-15D03E0C38EE}.Debug|Any CPU.ActiveCfg = Debug|Any CPU
		{79D4EC1C-F6ED-474C-A9B0-15D03E0C38EE}.Debug|Any CPU.Build.0 = Debug|Any CPU
		{79D4EC1C-F6ED-474C-A9B0-15D03E0C38EE}.Release|Any CPU.ActiveCfg = Release|Any CPU
		{79D4EC1C-F6ED-474C-A9B0-15D03E0C38EE}.Release|Any CPU.Build.0 = Release|Any CPU
		{924CE9C8-FF4B-4E92-BCF6-790B81447DC0}.Debug|Any CPU.ActiveCfg = Debug|Any CPU
		{924CE9C8-FF4B-4E92-BCF6-790B81447DC0}.Debug|Any CPU.Build.0 = Debug|Any CPU
		{924CE9C8-FF4B-4E92-BCF6-790B81447DC0}.Release|Any CPU.ActiveCfg = Release|Any CPU
		{924CE9C8-FF4B-4E92-BCF6-790B81447DC0}.Release|Any CPU.Build.0 = Release|Any CPU
		{0A1584FF-22FD-4CAB-9665-BC73972D80AF}.Debug|Any CPU.ActiveCfg = Debug|Any CPU
		{0A1584FF-22FD-4CAB-9665-BC73972D80AF}.Debug|Any CPU.Build.0 = Debug|Any CPU
		{0A1584FF-22FD-4CAB-9665-BC73972D80AF}.Release|Any CPU.ActiveCfg = Release|Any CPU
		{0A1584FF-22FD-4CAB-9665-BC73972D80AF}.Release|Any CPU.Build.0 = Release|Any CPU
		{99A2CDBA-AD06-42CA-A05E-515930017C5C}.Debug|Any CPU.ActiveCfg = Debug|Any CPU
		{99A2CDBA-AD06-42CA-A05E-515930017C5C}.Debug|Any CPU.Build.0 = Debug|Any CPU
		{99A2CDBA-AD06-42CA-A05E-515930017C5C}.Release|Any CPU.ActiveCfg = Release|Any CPU
		{99A2CDBA-AD06-42CA-A05E-515930017C5C}.Release|Any CPU.Build.0 = Release|Any CPU
	EndGlobalSection
	GlobalSection(SolutionProperties) = preSolution
		HideSolutionNode = FALSE
	EndGlobalSection
	GlobalSection(NestedProjects) = preSolution
		{EDB2430C-EBCD-459C-96F5-5150E600B164} = {76E03339-6104-4763-94BD-841B906A7941}
		{83DE60BA-51D2-4095-B06C-E3DD23EAEAA8} = {76E03339-6104-4763-94BD-841B906A7941}
		{A3BEB6CB-344D-4C34-BF0B-2D7491749521} = {76E03339-6104-4763-94BD-841B906A7941}
		{76E03339-6104-4763-94BD-841B906A7941} = {763FF1DB-5C97-45F8-9B60-DD4451A63793}
		{316273C7-E6FF-4D2C-8C33-359AC043F14F} = {69E8EFB3-A93E-45F7-8C6E-4A5F257CEBF0}
		{6E3BC97C-8160-47C0-BE27-EF094C25DC9F} = {316273C7-E6FF-4D2C-8C33-359AC043F14F}
		{6766E392-5A62-4358-BB66-97B11C248FAA} = {316273C7-E6FF-4D2C-8C33-359AC043F14F}
		{31B4F44E-5180-425A-A0A1-BC8EAAB3EB1B} = {316273C7-E6FF-4D2C-8C33-359AC043F14F}
		{4CD9F94B-32CF-413B-A102-0613F3B0D9B2} = {316273C7-E6FF-4D2C-8C33-359AC043F14F}
		{4FC45C90-4B93-44F5-948F-D30088FFB437} = {69E8EFB3-A93E-45F7-8C6E-4A5F257CEBF0}
		{EE47B82B-0636-4B4F-9D0E-568B6CB2EC05} = {4FC45C90-4B93-44F5-948F-D30088FFB437}
		{ADDA8DAC-B84C-486B-8852-6A9DC52FAB16} = {4FC45C90-4B93-44F5-948F-D30088FFB437}
		{3202550A-711A-4154-85FC-C886FFA2945E} = {4FC45C90-4B93-44F5-948F-D30088FFB437}
		{191EB80F-2E90-4B30-9CC8-48872E75FFDF} = {4FC45C90-4B93-44F5-948F-D30088FFB437}
		{08C145C7-D736-44E3-8132-0AEBA0983D4A} = {69E8EFB3-A93E-45F7-8C6E-4A5F257CEBF0}
		{0A08DCBD-60B8-4115-A5E4-3C99221103C7} = {08C145C7-D736-44E3-8132-0AEBA0983D4A}
		{01E25FB5-EE32-4E02-8484-D879FE36DA06} = {08C145C7-D736-44E3-8132-0AEBA0983D4A}
		{E0362EFE-09B9-448D-9329-B68A50E77894} = {08C145C7-D736-44E3-8132-0AEBA0983D4A}
		{BF96A58A-643A-44EE-90EC-76E539F8B232} = {08C145C7-D736-44E3-8132-0AEBA0983D4A}
		{4707E4B4-4717-4DCF-8B95-EDE1EB7FA086} = {6E3BC97C-8160-47C0-BE27-EF094C25DC9F}
		{032CF69B-CF9A-4BB1-9200-3925EC92E952} = {6766E392-5A62-4358-BB66-97B11C248FAA}
		{EAACFCD9-2456-4D41-A305-1B6E82B37879} = {31B4F44E-5180-425A-A0A1-BC8EAAB3EB1B}
		{8CF58246-0F46-4D42-8467-E6E9DA5B13BF} = {4CD9F94B-32CF-413B-A102-0613F3B0D9B2}
		{79D4EC1C-F6ED-474C-A9B0-15D03E0C38EE} = {D1A9527A-E628-476E-92A5-08D3A968E70B}
		{924CE9C8-FF4B-4E92-BCF6-790B81447DC0} = {710B5E20-61FE-41C5-BA01-F8ED92C915C3}
		{0A1584FF-22FD-4CAB-9665-BC73972D80AF} = {4B9341BC-325A-4797-9BE3-1F7D4D79614C}
		{99A2CDBA-AD06-42CA-A05E-515930017C5C} = {EE47B82B-0636-4B4F-9D0E-568B6CB2EC05}
	EndGlobalSection
	GlobalSection(ExtensibilityGlobals) = postSolution
		SolutionGuid = {1E705808-6676-4CF3-8F10-50418F5A6684}
	EndGlobalSection
EndGlobal
