
Microsoft Visual Studio Solution File, Format Version 12.00
# Visual Studio Version 16
VisualStudioVersion = 16.0.31205.134
MinimumVisualStudioVersion = 10.0.40219.1
Project("{FAE04EC0-301F-11D3-BF4B-00C04F79EFBC}") = "Landingpage.Server", "Server\Landingpage.Server.csproj", "{54F73E24-5CFA-4D2F-9578-5039E15D19FD}"
EndProject
Project("{FAE04EC0-301F-11D3-BF4B-00C04F79EFBC}") = "Landingpage.Client", "Client\Landingpage.Client.csproj", "{78BBE479-99E3-4881-9D6A-C024F644315F}"
EndProject
Project("{FAE04EC0-301F-11D3-BF4B-00C04F79EFBC}") = "Landingpage.Shared", "Shared\Landingpage.Shared.csproj", "{7AC95BB5-65CA-45EF-A954-4533879F1858}"
EndProject
Global
	GlobalSection(SolutionConfigurationPlatforms) = preSolution
		Debug|Any CPU = Debug|Any CPU
		Release|Any CPU = Release|Any CPU
	EndGlobalSection
	GlobalSection(ProjectConfigurationPlatforms) = postSolution
		{54F73E24-5CFA-4D2F-9578-5039E15D19FD}.Debug|Any CPU.ActiveCfg = Debug|Any CPU
		{54F73E24-5CFA-4D2F-9578-5039E15D19FD}.Debug|Any CPU.Build.0 = Debug|Any CPU
		{54F73E24-5CFA-4D2F-9578-5039E15D19FD}.Release|Any CPU.ActiveCfg = Release|Any CPU
		{54F73E24-5CFA-4D2F-9578-5039E15D19FD}.Release|Any CPU.Build.0 = Release|Any CPU
		{78BBE479-99E3-4881-9D6A-C024F644315F}.Debug|Any CPU.ActiveCfg = Debug|Any CPU
		{78BBE479-99E3-4881-9D6A-C024F644315F}.Debug|Any CPU.Build.0 = Debug|Any CPU
		{78BBE479-99E3-4881-9D6A-C024F644315F}.Release|Any CPU.ActiveCfg = Release|Any CPU
		{78BBE479-99E3-4881-9D6A-C024F644315F}.Release|Any CPU.Build.0 = Release|Any CPU
		{7AC95BB5-65CA-45EF-A954-4533879F1858}.Debug|Any CPU.ActiveCfg = Debug|Any CPU
		{7AC95BB5-65CA-45EF-A954-4533879F1858}.Debug|Any CPU.Build.0 = Debug|Any CPU
		{7AC95BB5-65CA-45EF-A954-4533879F1858}.Release|Any CPU.ActiveCfg = Release|Any CPU
		{7AC95BB5-65CA-45EF-A954-4533879F1858}.Release|Any CPU.Build.0 = Release|Any CPU
	EndGlobalSection
	GlobalSection(SolutionProperties) = preSolution
		HideSolutionNode = FALSE
	EndGlobalSection
	GlobalSection(ExtensibilityGlobals) = postSolution
		SolutionGuid = {D66442C8-5B9E-416B-AE24-076BA76AD799}
	EndGlobalSection
EndGlobal
