
Microsoft Visual Studio Solution File, Format Version 12.00
# Visual Studio Version 16
VisualStudioVersion = 16.0.31205.134
MinimumVisualStudioVersion = 10.0.40219.1
Project("{9A19103F-16F7-4668-BE54-9A1E7A4F7556}") = "DanfossInfo.Server", "Server\DanfossInfo.Server.csproj", "{17FCAA1F-7E86-4338-91F3-4F3E8A233908}"
EndProject
Project("{9A19103F-16F7-4668-BE54-9A1E7A4F7556}") = "DanfossInfo.Client", "Client\DanfossInfo.Client.csproj", "{2A1A730C-00D8-4ED1-9E40-BAA981FFDB44}"
EndProject
Project("{9A19103F-16F7-4668-BE54-9A1E7A4F7556}") = "DanfossInfo.Shared", "Shared\DanfossInfo.Shared.csproj", "{C7272245-8AC5-4B9F-883A-68F0AAA9E4A7}"
EndProject
Global
	GlobalSection(SolutionConfigurationPlatforms) = preSolution
		Debug|Any CPU = Debug|Any CPU
		Release|Any CPU = Release|Any CPU
	EndGlobalSection
	GlobalSection(ProjectConfigurationPlatforms) = postSolution
		{17FCAA1F-7E86-4338-91F3-4F3E8A233908}.Debug|Any CPU.ActiveCfg = Debug|Any CPU
		{17FCAA1F-7E86-4338-91F3-4F3E8A233908}.Debug|Any CPU.Build.0 = Debug|Any CPU
		{17FCAA1F-7E86-4338-91F3-4F3E8A233908}.Release|Any CPU.ActiveCfg = Release|Any CPU
		{17FCAA1F-7E86-4338-91F3-4F3E8A233908}.Release|Any CPU.Build.0 = Release|Any CPU
		{2A1A730C-00D8-4ED1-9E40-BAA981FFDB44}.Debug|Any CPU.ActiveCfg = Debug|Any CPU
		{2A1A730C-00D8-4ED1-9E40-BAA981FFDB44}.Debug|Any CPU.Build.0 = Debug|Any CPU
		{2A1A730C-00D8-4ED1-9E40-BAA981FFDB44}.Release|Any CPU.ActiveCfg = Release|Any CPU
		{2A1A730C-00D8-4ED1-9E40-BAA981FFDB44}.Release|Any CPU.Build.0 = Release|Any CPU
		{C7272245-8AC5-4B9F-883A-68F0AAA9E4A7}.Debug|Any CPU.ActiveCfg = Debug|Any CPU
		{C7272245-8AC5-4B9F-883A-68F0AAA9E4A7}.Debug|Any CPU.Build.0 = Debug|Any CPU
		{C7272245-8AC5-4B9F-883A-68F0AAA9E4A7}.Release|Any CPU.ActiveCfg = Release|Any CPU
		{C7272245-8AC5-4B9F-883A-68F0AAA9E4A7}.Release|Any CPU.Build.0 = Release|Any CPU
	EndGlobalSection
	GlobalSection(SolutionProperties) = preSolution
		HideSolutionNode = FALSE
	EndGlobalSection
	GlobalSection(ExtensibilityGlobals) = postSolution
		SolutionGuid = {6725C93C-E329-4861-BF06-B788A6D4A4FD}
	EndGlobalSection
EndGlobal
